
Microsoft Visual Studio Solution File, Format Version 12.00
# Visual Studio Version 17
VisualStudioVersion = 17.4.33213.308
MinimumVisualStudioVersion = 10.0.40219.1
Project("{FAE04EC0-301F-11D3-BF4B-00C04F79EFBC}") = "Digital Clock v2", "Digital Clock v2\Digital Clock v2.csproj", "{98B996AC-C316-4B0D-9FB3-F41A3DA83EDB}"
EndProject
Global
	GlobalSection(SolutionConfigurationPlatforms) = preSolution
		Debug|Any CPU = Debug|Any CPU
		Release|Any CPU = Release|Any CPU
	EndGlobalSection
	GlobalSection(ProjectConfigurationPlatforms) = postSolution
		{98B996AC-C316-4B0D-9FB3-F41A3DA83EDB}.Debug|Any CPU.ActiveCfg = Debug|Any CPU
		{98B996AC-C316-4B0D-9FB3-F41A3DA83EDB}.Debug|Any CPU.Build.0 = Debug|Any CPU
		{98B996AC-C316-4B0D-9FB3-F41A3DA83EDB}.Release|Any CPU.ActiveCfg = Release|Any CPU
		{98B996AC-C316-4B0D-9FB3-F41A3DA83EDB}.Release|Any CPU.Build.0 = Release|Any CPU
	EndGlobalSection
	GlobalSection(SolutionProperties) = preSolution
		HideSolutionNode = FALSE
	EndGlobalSection
	GlobalSection(ExtensibilityGlobals) = postSolution
		SolutionGuid = {5EF12732-2B02-4421-BC97-7C053B432AE4}
	EndGlobalSection
EndGlobal
